
Microsoft Visual Studio Solution File, Format Version 12.00
# Visual Studio 15
VisualStudioVersion = 15.0.28307.1082
MinimumVisualStudioVersion = 10.0.40219.1
Project("{FAE04EC0-301F-11D3-BF4B-00C04F79EFBC}") = "Simple-Backuper", "Simple-Backuper\Simple-Backuper.csproj", "{1AF349C2-B485-4231-A1D8-A0E98C08E296}"
EndProject
Global
	GlobalSection(SolutionConfigurationPlatforms) = preSolution
		Debug|Any CPU = Debug|Any CPU
		Release|Any CPU = Release|Any CPU
	EndGlobalSection
	GlobalSection(ProjectConfigurationPlatforms) = postSolution
		{1AF349C2-B485-4231-A1D8-A0E98C08E296}.Debug|Any CPU.ActiveCfg = Debug|Any CPU
		{1AF349C2-B485-4231-A1D8-A0E98C08E296}.Debug|Any CPU.Build.0 = Debug|Any CPU
		{1AF349C2-B485-4231-A1D8-A0E98C08E296}.Release|Any CPU.ActiveCfg = Release|Any CPU
		{1AF349C2-B485-4231-A1D8-A0E98C08E296}.Release|Any CPU.Build.0 = Release|Any CPU
	EndGlobalSection
	GlobalSection(SolutionProperties) = preSolution
		HideSolutionNode = FALSE
	EndGlobalSection
	GlobalSection(ExtensibilityGlobals) = postSolution
		SolutionGuid = {A7AB2CF9-EC92-4C2D-87D8-BF8C3511B1D1}
	EndGlobalSection
EndGlobal
